
Microsoft Visual Studio Solution File, Format Version 12.00
# Visual Studio Version 17
VisualStudioVersion = 17.3.32825.248
MinimumVisualStudioVersion = 10.0.40219.1
Project("{FAE04EC0-301F-11D3-BF4B-00C04F79EFBC}") = "RoomLibrary", "RoomLibrary\RoomLibrary.csproj", "{C843ED1A-8C38-4702-A7CB-B1234DC8BBCB}"
EndProject
Global
	GlobalSection(SolutionConfigurationPlatforms) = preSolution
		Debug|Any CPU = Debug|Any CPU
		Release|Any CPU = Release|Any CPU
	EndGlobalSection
	GlobalSection(ProjectConfigurationPlatforms) = postSolution
		{C843ED1A-8C38-4702-A7CB-B1234DC8BBCB}.Debug|Any CPU.ActiveCfg = Debug|Any CPU
		{C843ED1A-8C38-4702-A7CB-B1234DC8BBCB}.Debug|Any CPU.Build.0 = Debug|Any CPU
		{C843ED1A-8C38-4702-A7CB-B1234DC8BBCB}.Release|Any CPU.ActiveCfg = Release|Any CPU
		{C843ED1A-8C38-4702-A7CB-B1234DC8BBCB}.Release|Any CPU.Build.0 = Release|Any CPU
	EndGlobalSection
	GlobalSection(SolutionProperties) = preSolution
		HideSolutionNode = FALSE
	EndGlobalSection
	GlobalSection(ExtensibilityGlobals) = postSolution
		SolutionGuid = {4730BE9C-AA41-4C95-A856-DE8EFAEFBB1A}
	EndGlobalSection
EndGlobal
