
Microsoft Visual Studio Solution File, Format Version 12.00
# Visual Studio Version 17
VisualStudioVersion = 17.3.32825.248
MinimumVisualStudioVersion = 10.0.40219.1
Project("{FAE04EC0-301F-11D3-BF4B-00C04F79EFBC}") = "RoomExample", "RoomExample\RoomExample.csproj", "{690EA54E-F7CB-494B-9E32-0FA11AE15C9D}"
EndProject
Global
	GlobalSection(SolutionConfigurationPlatforms) = preSolution
		Debug|Any CPU = Debug|Any CPU
		Release|Any CPU = Release|Any CPU
	EndGlobalSection
	GlobalSection(ProjectConfigurationPlatforms) = postSolution
		{690EA54E-F7CB-494B-9E32-0FA11AE15C9D}.Debug|Any CPU.ActiveCfg = Debug|Any CPU
		{690EA54E-F7CB-494B-9E32-0FA11AE15C9D}.Debug|Any CPU.Build.0 = Debug|Any CPU
		{690EA54E-F7CB-494B-9E32-0FA11AE15C9D}.Release|Any CPU.ActiveCfg = Release|Any CPU
		{690EA54E-F7CB-494B-9E32-0FA11AE15C9D}.Release|Any CPU.Build.0 = Release|Any CPU
	EndGlobalSection
	GlobalSection(SolutionProperties) = preSolution
		HideSolutionNode = FALSE
	EndGlobalSection
	GlobalSection(ExtensibilityGlobals) = postSolution
		SolutionGuid = {6C4881C9-FDCD-4354-9B85-70BB3D645987}
	EndGlobalSection
EndGlobal
